// !$*UTF8*$!
{
	archiveVersion = 1;
	classes = {
	};
	objectVersion = 46;
	objects = {

/* Begin PBXBuildFile section */
		1F74B8F318933B1B00A36FC0 /* Foundation.framework in Frameworks */ = {isa = PBXBuildFile; fileRef = 1F74B8F218933B1B00A36FC0 /* Foundation.framework */; };
		1F74B8F518933B1B00A36FC0 /* CoreGraphics.framework in Frameworks */ = {isa = PBXBuildFile; fileRef = 1F74B8F418933B1B00A36FC0 /* CoreGraphics.framework */; };
		1F74B8F718933B1B00A36FC0 /* UIKit.framework in Frameworks */ = {isa = PBXBuildFile; fileRef = 1F74B8F618933B1B00A36FC0 /* UIKit.framework */; };
		1F74B8FD18933B1B00A36FC0 /* InfoPlist.strings in Resources */ = {isa = PBXBuildFile; fileRef = 1F74B8FB18933B1B00A36FC0 /* InfoPlist.strings */; };
		1F74B8FF18933B1B00A36FC0 /* main.m in Sources */ = {isa = PBXBuildFile; fileRef = 1F74B8FE18933B1B00A36FC0 /* main.m */; };
		1F74B90318933B1B00A36FC0 /* AppDelegate.m in Sources */ = {isa = PBXBuildFile; fileRef = 1F74B90218933B1B00A36FC0 /* AppDelegate.m */; };
		1F74B90618933B1B00A36FC0 /* Main.storyboard in Resources */ = {isa = PBXBuildFile; fileRef = 1F74B90418933B1B00A36FC0 /* Main.storyboard */; };
		1F74B90918933B1B00A36FC0 /* ViewController.m in Sources */ = {isa = PBXBuildFile; fileRef = 1F74B90818933B1B00A36FC0 /* ViewController.m */; };
		1F74B90B18933B1B00A36FC0 /* Images.xcassets in Resources */ = {isa = PBXBuildFile; fileRef = 1F74B90A18933B1B00A36FC0 /* Images.xcassets */; };
		1F74B91218933B1B00A36FC0 /* XCTest.framework in Frameworks */ = {isa = PBXBuildFile; fileRef = 1F74B91118933B1B00A36FC0 /* XCTest.framework */; };
		1F74B91318933B1C00A36FC0 /* Foundation.framework in Frameworks */ = {isa = PBXBuildFile; fileRef = 1F74B8F218933B1B00A36FC0 /* Foundation.framework */; };
		1F74B91418933B1C00A36FC0 /* UIKit.framework in Frameworks */ = {isa = PBXBuildFile; fileRef = 1F74B8F618933B1B00A36FC0 /* UIKit.framework */; };
		1F74B91C18933B1C00A36FC0 /* InfoPlist.strings in Resources */ = {isa = PBXBuildFile; fileRef = 1F74B91A18933B1C00A36FC0 /* InfoPlist.strings */; };
		1F74B91E18933B1C00A36FC0 /* TableTennisHackTests.m in Sources */ = {isa = PBXBuildFile; fileRef = 1F74B91D18933B1C00A36FC0 /* TableTennisHackTests.m */; };
		1F74B92A18933BB800A36FC0 /* FacebookSDK.framework in Frameworks */ = {isa = PBXBuildFile; fileRef = 1F74B92918933BB800A36FC0 /* FacebookSDK.framework */; };
		1F74B92C18933C3800A36FC0 /* libicucore.dylib in Frameworks */ = {isa = PBXBuildFile; fileRef = 1F74B92B18933C3800A36FC0 /* libicucore.dylib */; };
		1F74B92E18933C4000A36FC0 /* StoreKit.framework in Frameworks */ = {isa = PBXBuildFile; fileRef = 1F74B92D18933C4000A36FC0 /* StoreKit.framework */; };
		1F74B93018933C4800A36FC0 /* SystemConfiguration.framework in Frameworks */ = {isa = PBXBuildFile; fileRef = 1F74B92F18933C4800A36FC0 /* SystemConfiguration.framework */; };
		1F74B93218933C4D00A36FC0 /* Security.framework in Frameworks */ = {isa = PBXBuildFile; fileRef = 1F74B93118933C4D00A36FC0 /* Security.framework */; };
		1F74B93418933C5200A36FC0 /* QuartzCore.framework in Frameworks */ = {isa = PBXBuildFile; fileRef = 1F74B93318933C5200A36FC0 /* QuartzCore.framework */; };
		1F74B93618933C5900A36FC0 /* MobileCoreServices.framework in Frameworks */ = {isa = PBXBuildFile; fileRef = 1F74B93518933C5900A36FC0 /* MobileCoreServices.framework */; };
		1F74B93818933C5E00A36FC0 /* libz.dylib in Frameworks */ = {isa = PBXBuildFile; fileRef = 1F74B93718933C5E00A36FC0 /* libz.dylib */; };
		1F74B93A18933C6600A36FC0 /* CoreMotion.framework in Frameworks */ = {isa = PBXBuildFile; fileRef = 1F74B93918933C6600A36FC0 /* CoreMotion.framework */; };
		1F74B93C18933C6B00A36FC0 /* CFNetwork.framework in Frameworks */ = {isa = PBXBuildFile; fileRef = 1F74B93B18933C6B00A36FC0 /* CFNetwork.framework */; };
		1F74B93E18933C7000A36FC0 /* AudioToolbox.framework in Frameworks */ = {isa = PBXBuildFile; fileRef = 1F74B93D18933C7000A36FC0 /* AudioToolbox.framework */; };
		1F74B94118933CB400A36FC0 /* ConnectViewController.m in Sources */ = {isa = PBXBuildFile; fileRef = 1F74B94018933CB400A36FC0 /* ConnectViewController.m */; };
		1F74B94318933CDE00A36FC0 /* table-tennis-racquet-hi.png in Resources */ = {isa = PBXBuildFile; fileRef = 1F74B94218933CDE00A36FC0 /* table-tennis-racquet-hi.png */; };
		1F74B94518933CF300A36FC0 /* active_600@2x.png in Resources */ = {isa = PBXBuildFile; fileRef = 1F74B94418933CF300A36FC0 /* active_600@2x.png */; };
		1FB8932718934092009CA2FA /* Parse.framework in Frameworks */ = {isa = PBXBuildFile; fileRef = 1FB8932618934092009CA2FA /* Parse.framework */; };
		1FB893291893470C009CA2FA /* CoreVideo.framework in Frameworks */ = {isa = PBXBuildFile; fileRef = 1FB893281893470C009CA2FA /* CoreVideo.framework */; };
		1FB8932B18934712009CA2FA /* AVFoundation.framework in Frameworks */ = {isa = PBXBuildFile; fileRef = 1FB8932A18934712009CA2FA /* AVFoundation.framework */; };
		1FB8932D1893472B009CA2FA /* CoreMedia.framework in Frameworks */ = {isa = PBXBuildFile; fileRef = 1FB8932C1893472B009CA2FA /* CoreMedia.framework */; };
		1FB8932F18934735009CA2FA /* libiconv.dylib in Frameworks */ = {isa = PBXBuildFile; fileRef = 1FB8932E18934735009CA2FA /* libiconv.dylib */; };
		1FB89371189349C9009CA2FA /* libzbar.a in Frameworks */ = {isa = PBXBuildFile; fileRef = 1FB8936B189349C9009CA2FA /* libzbar.a */; };
		1FB89372189349C9009CA2FA /* zbar-back.png in Resources */ = {isa = PBXBuildFile; fileRef = 1FB8936D189349C9009CA2FA /* zbar-back.png */; };
		1FB89373189349C9009CA2FA /* zbar-help.html in Resources */ = {isa = PBXBuildFile; fileRef = 1FB8936E189349C9009CA2FA /* zbar-help.html */; };
		1FB89374189349C9009CA2FA /* zbar-helpicons.png in Resources */ = {isa = PBXBuildFile; fileRef = 1FB8936F189349C9009CA2FA /* zbar-helpicons.png */; };
		1FB89375189349C9009CA2FA /* zbar-samples.png in Resources */ = {isa = PBXBuildFile; fileRef = 1FB89370189349C9009CA2FA /* zbar-samples.png */; };
		1FB8937D18934C17009CA2FA /* base64.c in Sources */ = {isa = PBXBuildFile; fileRef = 1FB8937618934C16009CA2FA /* base64.c */; };
		1FB8937E18934C17009CA2FA /* NSData+SRB64Additions.m in Sources */ = {isa = PBXBuildFile; fileRef = 1FB8937918934C17009CA2FA /* NSData+SRB64Additions.m */; };
		1FB8937F18934C17009CA2FA /* SRWebSocket.m in Sources */ = {isa = PBXBuildFile; fileRef = 1FB8937C18934C17009CA2FA /* SRWebSocket.m */; };
		1FB8938418934C3F009CA2FA /* InfoPlist.strings in Resources */ = {isa = PBXBuildFile; fileRef = 1FB8938118934C3F009CA2FA /* InfoPlist.strings */; };
		1FB8938518934C3F009CA2FA /* SBJson-Info.plist in Resources */ = {isa = PBXBuildFile; fileRef = 1FB8938218934C3F009CA2FA /* SBJson-Info.plist */; };
		1FB8939218934C62009CA2FA /* SocketIO.m in Sources */ = {isa = PBXBuildFile; fileRef = 1FB8938818934C61009CA2FA /* SocketIO.m */; };
		1FB8939318934C62009CA2FA /* SocketIOPacket.m in Sources */ = {isa = PBXBuildFile; fileRef = 1FB8938A18934C61009CA2FA /* SocketIOPacket.m */; };
		1FB8939418934C62009CA2FA /* SocketIOJSONSerialization.m in Sources */ = {isa = PBXBuildFile; fileRef = 1FB8938C18934C61009CA2FA /* SocketIOJSONSerialization.m */; };
		1FB8939518934C62009CA2FA /* SocketIOTransportWebsocket.m in Sources */ = {isa = PBXBuildFile; fileRef = 1FB8938F18934C62009CA2FA /* SocketIOTransportWebsocket.m */; };
		1FB8939618934C62009CA2FA /* SocketIOTransportXHR.m in Sources */ = {isa = PBXBuildFile; fileRef = 1FB8939118934C62009CA2FA /* SocketIOTransportXHR.m */; };
		1FB8939A18934F90009CA2FA /* GameViewController.m in Sources */ = {isa = PBXBuildFile; fileRef = 1FB8939918934F90009CA2FA /* GameViewController.m */; };
		1FB8939E1893601E009CA2FA /* paddle.png in Resources */ = {isa = PBXBuildFile; fileRef = 1FB8939D1893601E009CA2FA /* paddle.png */; };
		1FB893A3189362E3009CA2FA /* Nunito-Bold.ttf in Resources */ = {isa = PBXBuildFile; fileRef = 1FB8939F18936181009CA2FA /* Nunito-Bold.ttf */; };
		1FB893A4189362E6009CA2FA /* Nunito-Regular.ttf in Resources */ = {isa = PBXBuildFile; fileRef = 1FB893A118936181009CA2FA /* Nunito-Regular.ttf */; };
		1FB893A5189362E8009CA2FA /* Nunito-Light.ttf in Resources */ = {isa = PBXBuildFile; fileRef = 1FB893A018936181009CA2FA /* Nunito-Light.ttf */; };
		1FB893A7189373E9009CA2FA /* ping_pong copy.png in Resources */ = {isa = PBXBuildFile; fileRef = 1FB893A6189373E9009CA2FA /* ping_pong copy.png */; };
		1FB893A9189373FA009CA2FA /* iconAppioS.png in Resources */ = {isa = PBXBuildFile; fileRef = 1FB893A8189373FA009CA2FA /* iconAppioS.png */; };
		1FB893AB189374AC009CA2FA /* launchSc.png in Resources */ = {isa = PBXBuildFile; fileRef = 1FB893AA189374AC009CA2FA /* launchSc.png */; };
/* End PBXBuildFile section */

/* Begin PBXContainerItemProxy section */
		1F74B91518933B1C00A36FC0 /* PBXContainerItemProxy */ = {
			isa = PBXContainerItemProxy;
			containerPortal = 1F74B8E718933B1B00A36FC0 /* Project object */;
			proxyType = 1;
			remoteGlobalIDString = 1F74B8EE18933B1B00A36FC0;
			remoteInfo = TableTennisHack;
		};
/* End PBXContainerItemProxy section */

/* Begin PBXFileReference section */
		1F74B8EF18933B1B00A36FC0 /* TableTennisHack.app */ = {isa = PBXFileReference; explicitFileType = wrapper.application; includeInIndex = 0; path = TableTennisHack.app; sourceTree = BUILT_PRODUCTS_DIR; };
		1F74B8F218933B1B00A36FC0 /* Foundation.framework */ = {isa = PBXFileReference; lastKnownFileType = wrapper.framework; name = Foundation.framework; path = System/Library/Frameworks/Foundation.framework; sourceTree = SDKROOT; };
		1F74B8F418933B1B00A36FC0 /* CoreGraphics.framework */ = {isa = PBXFileReference; lastKnownFileType = wrapper.framework; name = CoreGraphics.framework; path = System/Library/Frameworks/CoreGraphics.framework; sourceTree = SDKROOT; };
		1F74B8F618933B1B00A36FC0 /* UIKit.framework */ = {isa = PBXFileReference; lastKnownFileType = wrapper.framework; name = UIKit.framework; path = System/Library/Frameworks/UIKit.framework; sourceTree = SDKROOT; };
		1F74B8FA18933B1B00A36FC0 /* TableTennisHack-Info.plist */ = {isa = PBXFileReference; lastKnownFileType = text.plist.xml; path = "TableTennisHack-Info.plist"; sourceTree = "<group>"; };
		1F74B8FC18933B1B00A36FC0 /* en */ = {isa = PBXFileReference; lastKnownFileType = text.plist.strings; name = en; path = en.lproj/InfoPlist.strings; sourceTree = "<group>"; };
		1F74B8FE18933B1B00A36FC0 /* main.m */ = {isa = PBXFileReference; lastKnownFileType = sourcecode.c.objc; path = main.m; sourceTree = "<group>"; };
		1F74B90018933B1B00A36FC0 /* TableTennisHack-Prefix.pch */ = {isa = PBXFileReference; lastKnownFileType = sourcecode.c.h; path = "TableTennisHack-Prefix.pch"; sourceTree = "<group>"; };
		1F74B90118933B1B00A36FC0 /* AppDelegate.h */ = {isa = PBXFileReference; lastKnownFileType = sourcecode.c.h; path = AppDelegate.h; sourceTree = "<group>"; };
		1F74B90218933B1B00A36FC0 /* AppDelegate.m */ = {isa = PBXFileReference; lastKnownFileType = sourcecode.c.objc; path = AppDelegate.m; sourceTree = "<group>"; };
		1F74B90518933B1B00A36FC0 /* Base */ = {isa = PBXFileReference; lastKnownFileType = file.storyboard; name = Base; path = Base.lproj/Main.storyboard; sourceTree = "<group>"; };
		1F74B90718933B1B00A36FC0 /* ViewController.h */ = {isa = PBXFileReference; lastKnownFileType = sourcecode.c.h; path = ViewController.h; sourceTree = "<group>"; };
		1F74B90818933B1B00A36FC0 /* ViewController.m */ = {isa = PBXFileReference; lastKnownFileType = sourcecode.c.objc; path = ViewController.m; sourceTree = "<group>"; };
		1F74B90A18933B1B00A36FC0 /* Images.xcassets */ = {isa = PBXFileReference; lastKnownFileType = folder.assetcatalog; path = Images.xcassets; sourceTree = "<group>"; };
		1F74B91018933B1B00A36FC0 /* TableTennisHackTests.xctest */ = {isa = PBXFileReference; explicitFileType = wrapper.cfbundle; includeInIndex = 0; path = TableTennisHackTests.xctest; sourceTree = BUILT_PRODUCTS_DIR; };
		1F74B91118933B1B00A36FC0 /* XCTest.framework */ = {isa = PBXFileReference; lastKnownFileType = wrapper.framework; name = XCTest.framework; path = Library/Frameworks/XCTest.framework; sourceTree = DEVELOPER_DIR; };
		1F74B91918933B1C00A36FC0 /* TableTennisHackTests-Info.plist */ = {isa = PBXFileReference; lastKnownFileType = text.plist.xml; path = "TableTennisHackTests-Info.plist"; sourceTree = "<group>"; };
		1F74B91B18933B1C00A36FC0 /* en */ = {isa = PBXFileReference; lastKnownFileType = text.plist.strings; name = en; path = en.lproj/InfoPlist.strings; sourceTree = "<group>"; };
		1F74B91D18933B1C00A36FC0 /* TableTennisHackTests.m */ = {isa = PBXFileReference; lastKnownFileType = sourcecode.c.objc; path = TableTennisHackTests.m; sourceTree = "<group>"; };
		1F74B92918933BB800A36FC0 /* FacebookSDK.framework */ = {isa = PBXFileReference; lastKnownFileType = wrapper.framework; path = FacebookSDK.framework; sourceTree = "<group>"; };
		1F74B92B18933C3800A36FC0 /* libicucore.dylib */ = {isa = PBXFileReference; lastKnownFileType = "compiled.mach-o.dylib"; name = libicucore.dylib; path = usr/lib/libicucore.dylib; sourceTree = SDKROOT; };
		1F74B92D18933C4000A36FC0 /* StoreKit.framework */ = {isa = PBXFileReference; lastKnownFileType = wrapper.framework; name = StoreKit.framework; path = System/Library/Frameworks/StoreKit.framework; sourceTree = SDKROOT; };
		1F74B92F18933C4800A36FC0 /* SystemConfiguration.framework */ = {isa = PBXFileReference; lastKnownFileType = wrapper.framework; name = SystemConfiguration.framework; path = System/Library/Frameworks/SystemConfiguration.framework; sourceTree = SDKROOT; };
		1F74B93118933C4D00A36FC0 /* Security.framework */ = {isa = PBXFileReference; lastKnownFileType = wrapper.framework; name = Security.framework; path = System/Library/Frameworks/Security.framework; sourceTree = SDKROOT; };
		1F74B93318933C5200A36FC0 /* QuartzCore.framework */ = {isa = PBXFileReference; lastKnownFileType = wrapper.framework; name = QuartzCore.framework; path = System/Library/Frameworks/QuartzCore.framework; sourceTree = SDKROOT; };
		1F74B93518933C5900A36FC0 /* MobileCoreServices.framework */ = {isa = PBXFileReference; lastKnownFileType = wrapper.framework; name = MobileCoreServices.framework; path = System/Library/Frameworks/MobileCoreServices.framework; sourceTree = SDKROOT; };
		1F74B93718933C5E00A36FC0 /* libz.dylib */ = {isa = PBXFileReference; lastKnownFileType = "compiled.mach-o.dylib"; name = libz.dylib; path = usr/lib/libz.dylib; sourceTree = SDKROOT; };
		1F74B93918933C6600A36FC0 /* CoreMotion.framework */ = {isa = PBXFileReference; lastKnownFileType = wrapper.framework; name = CoreMotion.framework; path = System/Library/Frameworks/CoreMotion.framework; sourceTree = SDKROOT; };
		1F74B93B18933C6B00A36FC0 /* CFNetwork.framework */ = {isa = PBXFileReference; lastKnownFileType = wrapper.framework; name = CFNetwork.framework; path = System/Library/Frameworks/CFNetwork.framework; sourceTree = SDKROOT; };
		1F74B93D18933C7000A36FC0 /* AudioToolbox.framework */ = {isa = PBXFileReference; lastKnownFileType = wrapper.framework; name = AudioToolbox.framework; path = System/Library/Frameworks/AudioToolbox.framework; sourceTree = SDKROOT; };
		1F74B93F18933CB400A36FC0 /* ConnectViewController.h */ = {isa = PBXFileReference; fileEncoding = 4; lastKnownFileType = sourcecode.c.h; path = ConnectViewController.h; sourceTree = "<group>"; };
		1F74B94018933CB400A36FC0 /* ConnectViewController.m */ = {isa = PBXFileReference; fileEncoding = 4; lastKnownFileType = sourcecode.c.objc; path = ConnectViewController.m; sourceTree = "<group>"; };
		1F74B94218933CDE00A36FC0 /* table-tennis-racquet-hi.png */ = {isa = PBXFileReference; lastKnownFileType = image.png; path = "table-tennis-racquet-hi.png"; sourceTree = "<group>"; };
		1F74B94418933CF300A36FC0 /* active_600@2x.png */ = {isa = PBXFileReference; lastKnownFileType = image.png; path = "active_600@2x.png"; sourceTree = "<group>"; };
		1FB8932618934092009CA2FA /* Parse.framework */ = {isa = PBXFileReference; lastKnownFileType = wrapper.framework; path = Parse.framework; sourceTree = "<group>"; };
		1FB893281893470C009CA2FA /* CoreVideo.framework */ = {isa = PBXFileReference; lastKnownFileType = wrapper.framework; name = CoreVideo.framework; path = System/Library/Frameworks/CoreVideo.framework; sourceTree = SDKROOT; };
		1FB8932A18934712009CA2FA /* AVFoundation.framework */ = {isa = PBXFileReference; lastKnownFileType = wrapper.framework; name = AVFoundation.framework; path = System/Library/Frameworks/AVFoundation.framework; sourceTree = SDKROOT; };
		1FB8932C1893472B009CA2FA /* CoreMedia.framework */ = {isa = PBXFileReference; lastKnownFileType = wrapper.framework; name = CoreMedia.framework; path = System/Library/Frameworks/CoreMedia.framework; sourceTree = SDKROOT; };
		1FB8932E18934735009CA2FA /* libiconv.dylib */ = {isa = PBXFileReference; lastKnownFileType = "compiled.mach-o.dylib"; name = libiconv.dylib; path = usr/lib/libiconv.dylib; sourceTree = SDKROOT; };
		1FB89357189349C9009CA2FA /* Decoder.h */ = {isa = PBXFileReference; fileEncoding = 4; lastKnownFileType = sourcecode.c.h; path = Decoder.h; sourceTree = "<group>"; };
		1FB89358189349C9009CA2FA /* Exception.h */ = {isa = PBXFileReference; fileEncoding = 4; lastKnownFileType = sourcecode.c.h; path = Exception.h; sourceTree = "<group>"; };
		1FB89359189349C9009CA2FA /* Image.h */ = {isa = PBXFileReference; fileEncoding = 4; lastKnownFileType = sourcecode.c.h; path = Image.h; sourceTree = "<group>"; };
		1FB8935A189349C9009CA2FA /* ImageScanner.h */ = {isa = PBXFileReference; fileEncoding = 4; lastKnownFileType = sourcecode.c.h; path = ImageScanner.h; sourceTree = "<group>"; };
		1FB8935B189349C9009CA2FA /* Processor.h */ = {isa = PBXFileReference; fileEncoding = 4; lastKnownFileType = sourcecode.c.h; path = Processor.h; sourceTree = "<group>"; };
		1FB8935C189349C9009CA2FA /* Scanner.h */ = {isa = PBXFileReference; fileEncoding = 4; lastKnownFileType = sourcecode.c.h; path = Scanner.h; sourceTree = "<group>"; };
		1FB8935D189349C9009CA2FA /* Symbol.h */ = {isa = PBXFileReference; fileEncoding = 4; lastKnownFileType = sourcecode.c.h; path = Symbol.h; sourceTree = "<group>"; };
		1FB8935E189349C9009CA2FA /* Video.h */ = {isa = PBXFileReference; fileEncoding = 4; lastKnownFileType = sourcecode.c.h; path = Video.h; sourceTree = "<group>"; };
		1FB8935F189349C9009CA2FA /* Window.h */ = {isa = PBXFileReference; fileEncoding = 4; lastKnownFileType = sourcecode.c.h; path = Window.h; sourceTree = "<group>"; };
		1FB89360189349C9009CA2FA /* zbar.h */ = {isa = PBXFileReference; fileEncoding = 4; lastKnownFileType = sourcecode.c.h; path = zbar.h; sourceTree = "<group>"; };
		1FB89361189349C9009CA2FA /* ZBarCameraSimulator.h */ = {isa = PBXFileReference; fileEncoding = 4; lastKnownFileType = sourcecode.c.h; path = ZBarCameraSimulator.h; sourceTree = "<group>"; };
		1FB89362189349C9009CA2FA /* ZBarCaptureReader.h */ = {isa = PBXFileReference; fileEncoding = 4; lastKnownFileType = sourcecode.c.h; path = ZBarCaptureReader.h; sourceTree = "<group>"; };
		1FB89363189349C9009CA2FA /* ZBarHelpController.h */ = {isa = PBXFileReference; fileEncoding = 4; lastKnownFileType = sourcecode.c.h; path = ZBarHelpController.h; sourceTree = "<group>"; };
		1FB89364189349C9009CA2FA /* ZBarImage.h */ = {isa = PBXFileReference; fileEncoding = 4; lastKnownFileType = sourcecode.c.h; path = ZBarImage.h; sourceTree = "<group>"; };
		1FB89365189349C9009CA2FA /* ZBarImageScanner.h */ = {isa = PBXFileReference; fileEncoding = 4; lastKnownFileType = sourcecode.c.h; path = ZBarImageScanner.h; sourceTree = "<group>"; };
		1FB89366189349C9009CA2FA /* ZBarReaderController.h */ = {isa = PBXFileReference; fileEncoding = 4; lastKnownFileType = sourcecode.c.h; path = ZBarReaderController.h; sourceTree = "<group>"; };
		1FB89367189349C9009CA2FA /* ZBarReaderView.h */ = {isa = PBXFileReference; fileEncoding = 4; lastKnownFileType = sourcecode.c.h; path = ZBarReaderView.h; sourceTree = "<group>"; };
		1FB89368189349C9009CA2FA /* ZBarReaderViewController.h */ = {isa = PBXFileReference; fileEncoding = 4; lastKnownFileType = sourcecode.c.h; path = ZBarReaderViewController.h; sourceTree = "<group>"; };
		1FB89369189349C9009CA2FA /* ZBarSDK.h */ = {isa = PBXFileReference; fileEncoding = 4; lastKnownFileType = sourcecode.c.h; path = ZBarSDK.h; sourceTree = "<group>"; };
		1FB8936A189349C9009CA2FA /* ZBarSymbol.h */ = {isa = PBXFileReference; fileEncoding = 4; lastKnownFileType = sourcecode.c.h; path = ZBarSymbol.h; sourceTree = "<group>"; };
		1FB8936B189349C9009CA2FA /* libzbar.a */ = {isa = PBXFileReference; lastKnownFileType = archive.ar; path = libzbar.a; sourceTree = "<group>"; };
		1FB8936D189349C9009CA2FA /* zbar-back.png */ = {isa = PBXFileReference; lastKnownFileType = image.png; path = "zbar-back.png"; sourceTree = "<group>"; };
		1FB8936E189349C9009CA2FA /* zbar-help.html */ = {isa = PBXFileReference; fileEncoding = 4; lastKnownFileType = text.html; path = "zbar-help.html"; sourceTree = "<group>"; };
		1FB8936F189349C9009CA2FA /* zbar-helpicons.png */ = {isa = PBXFileReference; lastKnownFileType = image.png; path = "zbar-helpicons.png"; sourceTree = "<group>"; };
		1FB89370189349C9009CA2FA /* zbar-samples.png */ = {isa = PBXFileReference; lastKnownFileType = image.png; path = "zbar-samples.png"; sourceTree = "<group>"; };
		1FB8937618934C16009CA2FA /* base64.c */ = {isa = PBXFileReference; fileEncoding = 4; lastKnownFileType = sourcecode.c.c; path = base64.c; sourceTree = "<group>"; };
		1FB8937718934C16009CA2FA /* base64.h */ = {isa = PBXFileReference; fileEncoding = 4; lastKnownFileType = sourcecode.c.h; path = base64.h; sourceTree = "<group>"; };
		1FB8937818934C16009CA2FA /* NSData+SRB64Additions.h */ = {isa = PBXFileReference; fileEncoding = 4; lastKnownFileType = sourcecode.c.h; path = "NSData+SRB64Additions.h"; sourceTree = "<group>"; };
		1FB8937918934C17009CA2FA /* NSData+SRB64Additions.m */ = {isa = PBXFileReference; fileEncoding = 4; lastKnownFileType = sourcecode.c.objc; path = "NSData+SRB64Additions.m"; sourceTree = "<group>"; };
		1FB8937A18934C17009CA2FA /* SocketRocket-Prefix.pch */ = {isa = PBXFileReference; fileEncoding = 4; lastKnownFileType = sourcecode.c.h; path = "SocketRocket-Prefix.pch"; sourceTree = "<group>"; };
		1FB8937B18934C17009CA2FA /* SRWebSocket.h */ = {isa = PBXFileReference; fileEncoding = 4; lastKnownFileType = sourcecode.c.h; path = SRWebSocket.h; sourceTree = "<group>"; };
		1FB8937C18934C17009CA2FA /* SRWebSocket.m */ = {isa = PBXFileReference; fileEncoding = 4; lastKnownFileType = sourcecode.c.objc; path = SRWebSocket.m; sourceTree = "<group>"; };
		1FB8938118934C3F009CA2FA /* InfoPlist.strings */ = {isa = PBXFileReference; fileEncoding = 4; lastKnownFileType = text.plist.strings; path = InfoPlist.strings; sourceTree = "<group>"; };
		1FB8938218934C3F009CA2FA /* SBJson-Info.plist */ = {isa = PBXFileReference; fileEncoding = 4; lastKnownFileType = text.plist.xml; path = "SBJson-Info.plist"; sourceTree = "<group>"; };
		1FB8938318934C3F009CA2FA /* SBJson-Prefix.pch */ = {isa = PBXFileReference; fileEncoding = 4; lastKnownFileType = sourcecode.c.h; path = "SBJson-Prefix.pch"; sourceTree = "<group>"; };
		1FB8938718934C61009CA2FA /* SocketIO.h */ = {isa = PBXFileReference; fileEncoding = 4; lastKnownFileType = sourcecode.c.h; path = SocketIO.h; sourceTree = "<group>"; };
		1FB8938818934C61009CA2FA /* SocketIO.m */ = {isa = PBXFileReference; fileEncoding = 4; lastKnownFileType = sourcecode.c.objc; path = SocketIO.m; sourceTree = "<group>"; };
		1FB8938918934C61009CA2FA /* SocketIOPacket.h */ = {isa = PBXFileReference; fileEncoding = 4; lastKnownFileType = sourcecode.c.h; path = SocketIOPacket.h; sourceTree = "<group>"; };
		1FB8938A18934C61009CA2FA /* SocketIOPacket.m */ = {isa = PBXFileReference; fileEncoding = 4; lastKnownFileType = sourcecode.c.objc; path = SocketIOPacket.m; sourceTree = "<group>"; };
		1FB8938B18934C61009CA2FA /* SocketIOJSONSerialization.h */ = {isa = PBXFileReference; fileEncoding = 4; lastKnownFileType = sourcecode.c.h; path = SocketIOJSONSerialization.h; sourceTree = "<group>"; };
		1FB8938C18934C61009CA2FA /* SocketIOJSONSerialization.m */ = {isa = PBXFileReference; fileEncoding = 4; lastKnownFileType = sourcecode.c.objc; path = SocketIOJSONSerialization.m; sourceTree = "<group>"; };
		1FB8938D18934C62009CA2FA /* SocketIOTransport.h */ = {isa = PBXFileReference; fileEncoding = 4; lastKnownFileType = sourcecode.c.h; path = SocketIOTransport.h; sourceTree = "<group>"; };
		1FB8938E18934C62009CA2FA /* SocketIOTransportWebsocket.h */ = {isa = PBXFileReference; fileEncoding = 4; lastKnownFileType = sourcecode.c.h; path = SocketIOTransportWebsocket.h; sourceTree = "<group>"; };
		1FB8938F18934C62009CA2FA /* SocketIOTransportWebsocket.m */ = {isa = PBXFileReference; fileEncoding = 4; lastKnownFileType = sourcecode.c.objc; path = SocketIOTransportWebsocket.m; sourceTree = "<group>"; };
		1FB8939018934C62009CA2FA /* SocketIOTransportXHR.h */ = {isa = PBXFileReference; fileEncoding = 4; lastKnownFileType = sourcecode.c.h; path = SocketIOTransportXHR.h; sourceTree = "<group>"; };
		1FB8939118934C62009CA2FA /* SocketIOTransportXHR.m */ = {isa = PBXFileReference; fileEncoding = 4; lastKnownFileType = sourcecode.c.objc; path = SocketIOTransportXHR.m; sourceTree = "<group>"; };
		1FB8939818934F90009CA2FA /* GameViewController.h */ = {isa = PBXFileReference; fileEncoding = 4; lastKnownFileType = sourcecode.c.h; path = GameViewController.h; sourceTree = "<group>"; };
		1FB8939918934F90009CA2FA /* GameViewController.m */ = {isa = PBXFileReference; fileEncoding = 4; lastKnownFileType = sourcecode.c.objc; path = GameViewController.m; sourceTree = "<group>"; };
		1FB8939D1893601E009CA2FA /* paddle.png */ = {isa = PBXFileReference; lastKnownFileType = image.png; path = paddle.png; sourceTree = "<group>"; };
		1FB8939F18936181009CA2FA /* Nunito-Bold.ttf */ = {isa = PBXFileReference; lastKnownFileType = file; path = "Nunito-Bold.ttf"; sourceTree = "<group>"; };
		1FB893A018936181009CA2FA /* Nunito-Light.ttf */ = {isa = PBXFileReference; lastKnownFileType = file; path = "Nunito-Light.ttf"; sourceTree = "<group>"; };
		1FB893A118936181009CA2FA /* Nunito-Regular.ttf */ = {isa = PBXFileReference; lastKnownFileType = file; path = "Nunito-Regular.ttf"; sourceTree = "<group>"; };
		1FB893A6189373E9009CA2FA /* ping_pong copy.png */ = {isa = PBXFileReference; lastKnownFileType = image.png; path = "ping_pong copy.png"; sourceTree = "<group>"; };
		1FB893A8189373FA009CA2FA /* iconAppioS.png */ = {isa = PBXFileReference; lastKnownFileType = image.png; path = iconAppioS.png; sourceTree = "<group>"; };
		1FB893AA189374AC009CA2FA /* launchSc.png */ = {isa = PBXFileReference; lastKnownFileType = image.png; path = launchSc.png; sourceTree = "<group>"; };
/* End PBXFileReference section */

/* Begin PBXFrameworksBuildPhase section */
		1F74B8EC18933B1B00A36FC0 /* Frameworks */ = {
			isa = PBXFrameworksBuildPhase;
			buildActionMask = 2147483647;
			files = (
				1FB8932F18934735009CA2FA /* libiconv.dylib in Frameworks */,
				1FB8932D1893472B009CA2FA /* CoreMedia.framework in Frameworks */,
				1FB89371189349C9009CA2FA /* libzbar.a in Frameworks */,
				1FB8932B18934712009CA2FA /* AVFoundation.framework in Frameworks */,
				1FB893291893470C009CA2FA /* CoreVideo.framework in Frameworks */,
				1F74B93E18933C7000A36FC0 /* AudioToolbox.framework in Frameworks */,
				1F74B8F518933B1B00A36FC0 /* CoreGraphics.framework in Frameworks */,
				1F74B93C18933C6B00A36FC0 /* CFNetwork.framework in Frameworks */,
				1F74B93A18933C6600A36FC0 /* CoreMotion.framework in Frameworks */,
				1FB8932718934092009CA2FA /* Parse.framework in Frameworks */,
				1F74B93818933C5E00A36FC0 /* libz.dylib in Frameworks */,
				1F74B93618933C5900A36FC0 /* MobileCoreServices.framework in Frameworks */,
				1F74B93418933C5200A36FC0 /* QuartzCore.framework in Frameworks */,
				1F74B93218933C4D00A36FC0 /* Security.framework in Frameworks */,
				1F74B93018933C4800A36FC0 /* SystemConfiguration.framework in Frameworks */,
				1F74B92E18933C4000A36FC0 /* StoreKit.framework in Frameworks */,
				1F74B92C18933C3800A36FC0 /* libicucore.dylib in Frameworks */,
				1F74B92A18933BB800A36FC0 /* FacebookSDK.framework in Frameworks */,
				1F74B8F718933B1B00A36FC0 /* UIKit.framework in Frameworks */,
				1F74B8F318933B1B00A36FC0 /* Foundation.framework in Frameworks */,
			);
			runOnlyForDeploymentPostprocessing = 0;
		};
		1F74B90D18933B1B00A36FC0 /* Frameworks */ = {
			isa = PBXFrameworksBuildPhase;
			buildActionMask = 2147483647;
			files = (
				1F74B91218933B1B00A36FC0 /* XCTest.framework in Frameworks */,
				1F74B91418933B1C00A36FC0 /* UIKit.framework in Frameworks */,
				1F74B91318933B1C00A36FC0 /* Foundation.framework in Frameworks */,
			);
			runOnlyForDeploymentPostprocessing = 0;
		};
/* End PBXFrameworksBuildPhase section */

/* Begin PBXGroup section */
		1F74B8E618933B1B00A36FC0 = {
			isa = PBXGroup;
			children = (
				1FB893A218936185009CA2FA /* Font */,
				1FB8939718934C66009CA2FA /* SocketStuff */,
				1FB8938618934C46009CA2FA /* SBJson */,
				1FB8938018934C1C009CA2FA /* SocketRocket */,
				1FB89353189349C9009CA2FA /* ZBarSDK */,
				1F74B94218933CDE00A36FC0 /* table-tennis-racquet-hi.png */,
				1FB893AA189374AC009CA2FA /* launchSc.png */,
				1FB893A8189373FA009CA2FA /* iconAppioS.png */,
				1FB8939D1893601E009CA2FA /* paddle.png */,
				1FB893A6189373E9009CA2FA /* ping_pong copy.png */,
				1F74B94418933CF300A36FC0 /* active_600@2x.png */,
				1FB8932618934092009CA2FA /* Parse.framework */,
				1F74B92918933BB800A36FC0 /* FacebookSDK.framework */,
				1F74B8F818933B1B00A36FC0 /* TableTennisHack */,
				1F74B91718933B1C00A36FC0 /* TableTennisHackTests */,
				1F74B8F118933B1B00A36FC0 /* Frameworks */,
				1F74B8F018933B1B00A36FC0 /* Products */,
			);
			sourceTree = "<group>";
		};
		1F74B8F018933B1B00A36FC0 /* Products */ = {
			isa = PBXGroup;
			children = (
				1F74B8EF18933B1B00A36FC0 /* TableTennisHack.app */,
				1F74B91018933B1B00A36FC0 /* TableTennisHackTests.xctest */,
			);
			name = Products;
			sourceTree = "<group>";
		};
		1F74B8F118933B1B00A36FC0 /* Frameworks */ = {
			isa = PBXGroup;
			children = (
				1FB8932E18934735009CA2FA /* libiconv.dylib */,
				1FB8932C1893472B009CA2FA /* CoreMedia.framework */,
				1FB8932A18934712009CA2FA /* AVFoundation.framework */,
				1FB893281893470C009CA2FA /* CoreVideo.framework */,
				1F74B93D18933C7000A36FC0 /* AudioToolbox.framework */,
				1F74B93B18933C6B00A36FC0 /* CFNetwork.framework */,
				1F74B93918933C6600A36FC0 /* CoreMotion.framework */,
				1F74B93718933C5E00A36FC0 /* libz.dylib */,
				1F74B93518933C5900A36FC0 /* MobileCoreServices.framework */,
				1F74B93318933C5200A36FC0 /* QuartzCore.framework */,
				1F74B93118933C4D00A36FC0 /* Security.framework */,
				1F74B92F18933C4800A36FC0 /* SystemConfiguration.framework */,
				1F74B92D18933C4000A36FC0 /* StoreKit.framework */,
				1F74B92B18933C3800A36FC0 /* libicucore.dylib */,
				1F74B8F218933B1B00A36FC0 /* Foundation.framework */,
				1F74B8F418933B1B00A36FC0 /* CoreGraphics.framework */,
				1F74B8F618933B1B00A36FC0 /* UIKit.framework */,
				1F74B91118933B1B00A36FC0 /* XCTest.framework */,
			);
			name = Frameworks;
			sourceTree = "<group>";
		};
		1F74B8F818933B1B00A36FC0 /* TableTennisHack */ = {
			isa = PBXGroup;
			children = (
				1F74B90118933B1B00A36FC0 /* AppDelegate.h */,
				1F74B90218933B1B00A36FC0 /* AppDelegate.m */,
				1F74B90418933B1B00A36FC0 /* Main.storyboard */,
				1F74B90718933B1B00A36FC0 /* ViewController.h */,
				1F74B90818933B1B00A36FC0 /* ViewController.m */,
				1F74B93F18933CB400A36FC0 /* ConnectViewController.h */,
				1F74B94018933CB400A36FC0 /* ConnectViewController.m */,
				1FB8939818934F90009CA2FA /* GameViewController.h */,
				1FB8939918934F90009CA2FA /* GameViewController.m */,
				1F74B90A18933B1B00A36FC0 /* Images.xcassets */,
				1F74B8F918933B1B00A36FC0 /* Supporting Files */,
			);
			path = TableTennisHack;
			sourceTree = "<group>";
		};
		1F74B8F918933B1B00A36FC0 /* Supporting Files */ = {
			isa = PBXGroup;
			children = (
				1F74B8FA18933B1B00A36FC0 /* TableTennisHack-Info.plist */,
				1F74B8FB18933B1B00A36FC0 /* InfoPlist.strings */,
				1F74B8FE18933B1B00A36FC0 /* main.m */,
				1F74B90018933B1B00A36FC0 /* TableTennisHack-Prefix.pch */,
			);
			name = "Supporting Files";
			sourceTree = "<group>";
		};
		1F74B91718933B1C00A36FC0 /* TableTennisHackTests */ = {
			isa = PBXGroup;
			children = (
				1F74B91D18933B1C00A36FC0 /* TableTennisHackTests.m */,
				1F74B91818933B1C00A36FC0 /* Supporting Files */,
			);
			path = TableTennisHackTests;
			sourceTree = "<group>";
		};
		1F74B91818933B1C00A36FC0 /* Supporting Files */ = {
			isa = PBXGroup;
			children = (
				1F74B91918933B1C00A36FC0 /* TableTennisHackTests-Info.plist */,
				1F74B91A18933B1C00A36FC0 /* InfoPlist.strings */,
			);
			name = "Supporting Files";
			sourceTree = "<group>";
		};
		1FB89353189349C9009CA2FA /* ZBarSDK */ = {
			isa = PBXGroup;
			children = (
				1FB89354189349C9009CA2FA /* Headers */,
				1FB8936B189349C9009CA2FA /* libzbar.a */,
				1FB8936C189349C9009CA2FA /* Resources */,
			);
			path = ZBarSDK;
			sourceTree = "<group>";
		};
		1FB89354189349C9009CA2FA /* Headers */ = {
			isa = PBXGroup;
			children = (
				1FB89355189349C9009CA2FA /* ZBarSDK */,
			);
			path = Headers;
			sourceTree = "<group>";
		};
		1FB89355189349C9009CA2FA /* ZBarSDK */ = {
			isa = PBXGroup;
			children = (
				1FB89356189349C9009CA2FA /* zbar */,
				1FB89360189349C9009CA2FA /* zbar.h */,
				1FB89361189349C9009CA2FA /* ZBarCameraSimulator.h */,
				1FB89362189349C9009CA2FA /* ZBarCaptureReader.h */,
				1FB89363189349C9009CA2FA /* ZBarHelpController.h */,
				1FB89364189349C9009CA2FA /* ZBarImage.h */,
				1FB89365189349C9009CA2FA /* ZBarImageScanner.h */,
				1FB89366189349C9009CA2FA /* ZBarReaderController.h */,
				1FB89367189349C9009CA2FA /* ZBarReaderView.h */,
				1FB89368189349C9009CA2FA /* ZBarReaderViewController.h */,
				1FB89369189349C9009CA2FA /* ZBarSDK.h */,
				1FB8936A189349C9009CA2FA /* ZBarSymbol.h */,
			);
			path = ZBarSDK;
			sourceTree = "<group>";
		};
		1FB89356189349C9009CA2FA /* zbar */ = {
			isa = PBXGroup;
			children = (
				1FB89357189349C9009CA2FA /* Decoder.h */,
				1FB89358189349C9009CA2FA /* Exception.h */,
				1FB89359189349C9009CA2FA /* Image.h */,
				1FB8935A189349C9009CA2FA /* ImageScanner.h */,
				1FB8935B189349C9009CA2FA /* Processor.h */,
				1FB8935C189349C9009CA2FA /* Scanner.h */,
				1FB8935D189349C9009CA2FA /* Symbol.h */,
				1FB8935E189349C9009CA2FA /* Video.h */,
				1FB8935F189349C9009CA2FA /* Window.h */,
			);
			path = zbar;
			sourceTree = "<group>";
		};
		1FB8936C189349C9009CA2FA /* Resources */ = {
			isa = PBXGroup;
			children = (
				1FB8936D189349C9009CA2FA /* zbar-back.png */,
				1FB8936E189349C9009CA2FA /* zbar-help.html */,
				1FB8936F189349C9009CA2FA /* zbar-helpicons.png */,
				1FB89370189349C9009CA2FA /* zbar-samples.png */,
			);
			path = Resources;
			sourceTree = "<group>";
		};
		1FB8938018934C1C009CA2FA /* SocketRocket */ = {
			isa = PBXGroup;
			children = (
				1FB8937618934C16009CA2FA /* base64.c */,
				1FB8937718934C16009CA2FA /* base64.h */,
				1FB8937818934C16009CA2FA /* NSData+SRB64Additions.h */,
				1FB8937918934C17009CA2FA /* NSData+SRB64Additions.m */,
				1FB8937A18934C17009CA2FA /* SocketRocket-Prefix.pch */,
				1FB8937B18934C17009CA2FA /* SRWebSocket.h */,
				1FB8937C18934C17009CA2FA /* SRWebSocket.m */,
			);
			name = SocketRocket;
			sourceTree = "<group>";
		};
		1FB8938618934C46009CA2FA /* SBJson */ = {
			isa = PBXGroup;
			children = (
				1FB8938118934C3F009CA2FA /* InfoPlist.strings */,
				1FB8938218934C3F009CA2FA /* SBJson-Info.plist */,
				1FB8938318934C3F009CA2FA /* SBJson-Prefix.pch */,
			);
			name = SBJson;
			sourceTree = "<group>";
		};
		1FB8939718934C66009CA2FA /* SocketStuff */ = {
			isa = PBXGroup;
			children = (
				1FB8938718934C61009CA2FA /* SocketIO.h */,
				1FB8938818934C61009CA2FA /* SocketIO.m */,
				1FB8938918934C61009CA2FA /* SocketIOPacket.h */,
				1FB8938A18934C61009CA2FA /* SocketIOPacket.m */,
				1FB8938B18934C61009CA2FA /* SocketIOJSONSerialization.h */,
				1FB8938C18934C61009CA2FA /* SocketIOJSONSerialization.m */,
				1FB8938D18934C62009CA2FA /* SocketIOTransport.h */,
				1FB8938E18934C62009CA2FA /* SocketIOTransportWebsocket.h */,
				1FB8938F18934C62009CA2FA /* SocketIOTransportWebsocket.m */,
				1FB8939018934C62009CA2FA /* SocketIOTransportXHR.h */,
				1FB8939118934C62009CA2FA /* SocketIOTransportXHR.m */,
			);
			name = SocketStuff;
			sourceTree = "<group>";
		};
		1FB893A218936185009CA2FA /* Font */ = {
			isa = PBXGroup;
			children = (
				1FB8939F18936181009CA2FA /* Nunito-Bold.ttf */,
				1FB893A018936181009CA2FA /* Nunito-Light.ttf */,
				1FB893A118936181009CA2FA /* Nunito-Regular.ttf */,
			);
			name = Font;
			sourceTree = "<group>";
		};
/* End PBXGroup section */

/* Begin PBXNativeTarget section */
		1F74B8EE18933B1B00A36FC0 /* TableTennisHack */ = {
			isa = PBXNativeTarget;
			buildConfigurationList = 1F74B92118933B1C00A36FC0 /* Build configuration list for PBXNativeTarget "TableTennisHack" */;
			buildPhases = (
				1F74B8EB18933B1B00A36FC0 /* Sources */,
				1F74B8EC18933B1B00A36FC0 /* Frameworks */,
				1F74B8ED18933B1B00A36FC0 /* Resources */,
			);
			buildRules = (
			);
			dependencies = (
			);
			name = TableTennisHack;
			productName = TableTennisHack;
			productReference = 1F74B8EF18933B1B00A36FC0 /* TableTennisHack.app */;
			productType = "com.apple.product-type.application";
		};
		1F74B90F18933B1B00A36FC0 /* TableTennisHackTests */ = {
			isa = PBXNativeTarget;
			buildConfigurationList = 1F74B92418933B1C00A36FC0 /* Build configuration list for PBXNativeTarget "TableTennisHackTests" */;
			buildPhases = (
				1F74B90C18933B1B00A36FC0 /* Sources */,
				1F74B90D18933B1B00A36FC0 /* Frameworks */,
				1F74B90E18933B1B00A36FC0 /* Resources */,
			);
			buildRules = (
			);
			dependencies = (
				1F74B91618933B1C00A36FC0 /* PBXTargetDependency */,
			);
			name = TableTennisHackTests;
			productName = TableTennisHackTests;
			productReference = 1F74B91018933B1B00A36FC0 /* TableTennisHackTests.xctest */;
			productType = "com.apple.product-type.bundle.unit-test";
		};
/* End PBXNativeTarget section */

/* Begin PBXProject section */
		1F74B8E718933B1B00A36FC0 /* Project object */ = {
			isa = PBXProject;
			attributes = {
				LastUpgradeCheck = 0500;
				ORGANIZATIONNAME = "Hicham Abou Jaoude";
				TargetAttributes = {
					1F74B90F18933B1B00A36FC0 = {
						TestTargetID = 1F74B8EE18933B1B00A36FC0;
					};
				};
			};
			buildConfigurationList = 1F74B8EA18933B1B00A36FC0 /* Build configuration list for PBXProject "TableTennisHack" */;
			compatibilityVersion = "Xcode 3.2";
			developmentRegion = English;
			hasScannedForEncodings = 0;
			knownRegions = (
				en,
				Base,
			);
			mainGroup = 1F74B8E618933B1B00A36FC0;
			productRefGroup = 1F74B8F018933B1B00A36FC0 /* Products */;
			projectDirPath = "";
			projectRoot = "";
			targets = (
				1F74B8EE18933B1B00A36FC0 /* TableTennisHack */,
				1F74B90F18933B1B00A36FC0 /* TableTennisHackTests */,
			);
		};
/* End PBXProject section */

/* Begin PBXResourcesBuildPhase section */
		1F74B8ED18933B1B00A36FC0 /* Resources */ = {
			isa = PBXResourcesBuildPhase;
			buildActionMask = 2147483647;
			files = (
				1F74B94518933CF300A36FC0 /* active_600@2x.png in Resources */,
				1FB893A7189373E9009CA2FA /* ping_pong copy.png in Resources */,
				1FB89372189349C9009CA2FA /* zbar-back.png in Resources */,
				1FB893A3189362E3009CA2FA /* Nunito-Bold.ttf in Resources */,
				1FB89375189349C9009CA2FA /* zbar-samples.png in Resources */,
				1FB893A4189362E6009CA2FA /* Nunito-Regular.ttf in Resources */,
				1FB893AB189374AC009CA2FA /* launchSc.png in Resources */,
				1FB893A9189373FA009CA2FA /* iconAppioS.png in Resources */,
				1F74B94318933CDE00A36FC0 /* table-tennis-racquet-hi.png in Resources */,
				1F74B90B18933B1B00A36FC0 /* Images.xcassets in Resources */,
				1FB8938518934C3F009CA2FA /* SBJson-Info.plist in Resources */,
				1F74B8FD18933B1B00A36FC0 /* InfoPlist.strings in Resources */,
				1FB8939E1893601E009CA2FA /* paddle.png in Resources */,
				1FB89373189349C9009CA2FA /* zbar-help.html in Resources */,
				1FB893A5189362E8009CA2FA /* Nunito-Light.ttf in Resources */,
				1FB89374189349C9009CA2FA /* zbar-helpicons.png in Resources */,
				1F74B90618933B1B00A36FC0 /* Main.storyboard in Resources */,
				1FB8938418934C3F009CA2FA /* InfoPlist.strings in Resources */,
			);
			runOnlyForDeploymentPostprocessing = 0;
		};
		1F74B90E18933B1B00A36FC0 /* Resources */ = {
			isa = PBXResourcesBuildPhase;
			buildActionMask = 2147483647;
			files = (
				1F74B91C18933B1C00A36FC0 /* InfoPlist.strings in Resources */,
			);
			runOnlyForDeploymentPostprocessing = 0;
		};
/* End PBXResourcesBuildPhase section */

/* Begin PBXSourcesBuildPhase section */
		1F74B8EB18933B1B00A36FC0 /* Sources */ = {
			isa = PBXSourcesBuildPhase;
			buildActionMask = 2147483647;
			files = (
				1FB8937E18934C17009CA2FA /* NSData+SRB64Additions.m in Sources */,
				1FB8937D18934C17009CA2FA /* base64.c in Sources */,
				1F74B90918933B1B00A36FC0 /* ViewController.m in Sources */,
				1F74B90318933B1B00A36FC0 /* AppDelegate.m in Sources */,
				1FB8937F18934C17009CA2FA /* SRWebSocket.m in Sources */,
				1FB8939A18934F90009CA2FA /* GameViewController.m in Sources */,
				1FB8939618934C62009CA2FA /* SocketIOTransportXHR.m in Sources */,
				1F74B8FF18933B1B00A36FC0 /* main.m in Sources */,
				1FB8939218934C62009CA2FA /* SocketIO.m in Sources */,
				1FB8939518934C62009CA2FA /* SocketIOTransportWebsocket.m in Sources */,
				1FB8939418934C62009CA2FA /* SocketIOJSONSerialization.m in Sources */,
				1F74B94118933CB400A36FC0 /* ConnectViewController.m in Sources */,
				1FB8939318934C62009CA2FA /* SocketIOPacket.m in Sources */,
			);
			runOnlyForDeploymentPostprocessing = 0;
		};
		1F74B90C18933B1B00A36FC0 /* Sources */ = {
			isa = PBXSourcesBuildPhase;
			buildActionMask = 2147483647;
			files = (
				1F74B91E18933B1C00A36FC0 /* TableTennisHackTests.m in Sources */,
			);
			runOnlyForDeploymentPostprocessing = 0;
		};
/* End PBXSourcesBuildPhase section */

/* Begin PBXTargetDependency section */
		1F74B91618933B1C00A36FC0 /* PBXTargetDependency */ = {
			isa = PBXTargetDependency;
			target = 1F74B8EE18933B1B00A36FC0 /* TableTennisHack */;
			targetProxy = 1F74B91518933B1C00A36FC0 /* PBXContainerItemProxy */;
		};
/* End PBXTargetDependency section */

/* Begin PBXVariantGroup section */
		1F74B8FB18933B1B00A36FC0 /* InfoPlist.strings */ = {
			isa = PBXVariantGroup;
			children = (
				1F74B8FC18933B1B00A36FC0 /* en */,
			);
			name = InfoPlist.strings;
			sourceTree = "<group>";
		};
		1F74B90418933B1B00A36FC0 /* Main.storyboard */ = {
			isa = PBXVariantGroup;
			children = (
				1F74B90518933B1B00A36FC0 /* Base */,
			);
			name = Main.storyboard;
			sourceTree = "<group>";
		};
		1F74B91A18933B1C00A36FC0 /* InfoPlist.strings */ = {
			isa = PBXVariantGroup;
			children = (
				1F74B91B18933B1C00A36FC0 /* en */,
			);
			name = InfoPlist.strings;
			sourceTree = "<group>";
		};
/* End PBXVariantGroup section */

/* Begin XCBuildConfiguration section */
		1F74B91F18933B1C00A36FC0 /* Debug */ = {
			isa = XCBuildConfiguration;
			buildSettings = {
				ALWAYS_SEARCH_USER_PATHS = NO;
				ARCHS = "$(ARCHS_STANDARD_INCLUDING_64_BIT)";
				CLANG_CXX_LANGUAGE_STANDARD = "gnu++0x";
				CLANG_CXX_LIBRARY = "libc++";
				CLANG_ENABLE_MODULES = YES;
				CLANG_ENABLE_OBJC_ARC = YES;
				CLANG_WARN_BOOL_CONVERSION = YES;
				CLANG_WARN_CONSTANT_CONVERSION = YES;
				CLANG_WARN_DIRECT_OBJC_ISA_USAGE = YES_ERROR;
				CLANG_WARN_EMPTY_BODY = YES;
				CLANG_WARN_ENUM_CONVERSION = YES;
				CLANG_WARN_INT_CONVERSION = YES;
				CLANG_WARN_OBJC_ROOT_CLASS = YES_ERROR;
				CLANG_WARN__DUPLICATE_METHOD_MATCH = YES;
				"CODE_SIGN_IDENTITY[sdk=iphoneos*]" = "iPhone Developer";
				COPY_PHASE_STRIP = NO;
				GCC_C_LANGUAGE_STANDARD = gnu99;
				GCC_DYNAMIC_NO_PIC = NO;
				GCC_OPTIMIZATION_LEVEL = 0;
				GCC_PREPROCESSOR_DEFINITIONS = (
					"DEBUG=1",
					"$(inherited)",
				);
				GCC_SYMBOLS_PRIVATE_EXTERN = NO;
				GCC_WARN_64_TO_32_BIT_CONVERSION = YES;
				GCC_WARN_ABOUT_RETURN_TYPE = YES_ERROR;
				GCC_WARN_UNDECLARED_SELECTOR = YES;
				GCC_WARN_UNINITIALIZED_AUTOS = YES;
				GCC_WARN_UNUSED_FUNCTION = YES;
				GCC_WARN_UNUSED_VARIABLE = YES;
				IPHONEOS_DEPLOYMENT_TARGET = 7.0;
				ONLY_ACTIVE_ARCH = YES;
				SDKROOT = iphoneos;
			};
			name = Debug;
		};
		1F74B92018933B1C00A36FC0 /* Release */ = {
			isa = XCBuildConfiguration;
			buildSettings = {
				ALWAYS_SEARCH_USER_PATHS = NO;
				ARCHS = "$(ARCHS_STANDARD_INCLUDING_64_BIT)";
				CLANG_CXX_LANGUAGE_STANDARD = "gnu++0x";
				CLANG_CXX_LIBRARY = "libc++";
				CLANG_ENABLE_MODULES = YES;
				CLANG_ENABLE_OBJC_ARC = YES;
				CLANG_WARN_BOOL_CONVERSION = YES;
				CLANG_WARN_CONSTANT_CONVERSION = YES;
				CLANG_WARN_DIRECT_OBJC_ISA_USAGE = YES_ERROR;
				CLANG_WARN_EMPTY_BODY = YES;
				CLANG_WARN_ENUM_CONVERSION = YES;
				CLANG_WARN_INT_CONVERSION = YES;
				CLANG_WARN_OBJC_ROOT_CLASS = YES_ERROR;
				CLANG_WARN__DUPLICATE_METHOD_MATCH = YES;
				"CODE_SIGN_IDENTITY[sdk=iphoneos*]" = "iPhone Developer";
				COPY_PHASE_STRIP = YES;
				ENABLE_NS_ASSERTIONS = NO;
				GCC_C_LANGUAGE_STANDARD = gnu99;
				GCC_WARN_64_TO_32_BIT_CONVERSION = YES;
				GCC_WARN_ABOUT_RETURN_TYPE = YES_ERROR;
				GCC_WARN_UNDECLARED_SELECTOR = YES;
				GCC_WARN_UNINITIALIZED_AUTOS = YES;
				GCC_WARN_UNUSED_FUNCTION = YES;
				GCC_WARN_UNUSED_VARIABLE = YES;
				IPHONEOS_DEPLOYMENT_TARGET = 7.0;
				SDKROOT = iphoneos;
				VALIDATE_PRODUCT = YES;
			};
			name = Release;
		};
		1F74B92218933B1C00A36FC0 /* Debug */ = {
			isa = XCBuildConfiguration;
			buildSettings = {
				CODE_SIGN_IDENTITY = "iPhone Developer: hicham abou jaoude (756578F2J2)";
				FRAMEWORK_SEARCH_PATHS = (
					"$(inherited)",
					/Users/Hichamoaj/Documents/TableTennisHack,
					/Users/Hichamoaj/tthios/TableTennisHack,
				);
				GCC_PRECOMPILE_PREFIX_HEADER = YES;
				GCC_PREFIX_HEADER = "TableTennisHack/TableTennisHack-Prefix.pch";
				INFOPLIST_FILE = "TableTennisHack/TableTennisHack-Info.plist";
				LIBRARY_SEARCH_PATHS = (
					"$(inherited)",
					/Users/Hichamoaj/tthios/TableTennisHack/ZBarSDK,
				);
				PRODUCT_NAME = "$(TARGET_NAME)";
				VALID_ARCHS = "armv7 armv7s";
				WRAPPER_EXTENSION = app;
			};
			name = Debug;
		};
		1F74B92318933B1C00A36FC0 /* Release */ = {
			isa = XCBuildConfiguration;
			buildSettings = {
				CODE_SIGN_IDENTITY = "iPhone Developer: hicham abou jaoude (756578F2J2)";
				FRAMEWORK_SEARCH_PATHS = (
					"$(inherited)",
					/Users/Hichamoaj/Documents/TableTennisHack,
					/Users/Hichamoaj/tthios/TableTennisHack,
				);
				GCC_PRECOMPILE_PREFIX_HEADER = YES;
				GCC_PREFIX_HEADER = "TableTennisHack/TableTennisHack-Prefix.pch";
				INFOPLIST_FILE = "TableTennisHack/TableTennisHack-Info.plist";
				LIBRARY_SEARCH_PATHS = (
					"$(inherited)",
					/Users/Hichamoaj/tthios/TableTennisHack/ZBarSDK,
				);
				PRODUCT_NAME = "$(TARGET_NAME)";
				VALID_ARCHS = "armv7 armv7s";
				WRAPPER_EXTENSION = app;
			};
			name = Release;
		};
		1F74B92518933B1C00A36FC0 /* Debug */ = {
			isa = XCBuildConfiguration;
			buildSettings = {
				ARCHS = "$(ARCHS_STANDARD_INCLUDING_64_BIT)";
				BUNDLE_LOADER = "$(BUILT_PRODUCTS_DIR)/TableTennisHack.app/TableTennisHack";
				FRAMEWORK_SEARCH_PATHS = (
					"$(SDKROOT)/Developer/Library/Frameworks",
					"$(inherited)",
					"$(DEVELOPER_FRAMEWORKS_DIR)",
				);
				GCC_PRECOMPILE_PREFIX_HEADER = YES;
				GCC_PREFIX_HEADER = "TableTennisHack/TableTennisHack-Prefix.pch";
				GCC_PREPROCESSOR_DEFINITIONS = (
					"DEBUG=1",
					"$(inherited)",
				);
				INFOPLIST_FILE = "TableTennisHackTests/TableTennisHackTests-Info.plist";
				PRODUCT_NAME = "$(TARGET_NAME)";
				TEST_HOST = "$(BUNDLE_LOADER)";
				WRAPPER_EXTENSION = xctest;
			};
			name = Debug;
		};
		1F74B92618933B1C00A36FC0 /* Release */ = {
			isa = XCBuildConfiguration;
			buildSettings = {
				ARCHS = "$(ARCHS_STANDARD_INCLUDING_64_BIT)";
				BUNDLE_LOADER = "$(BUILT_PRODUCTS_DIR)/TableTennisHack.app/TableTennisHack";
				FRAMEWORK_SEARCH_PATHS = (
					"$(SDKROOT)/Developer/Library/Frameworks",
					"$(inherited)",
					"$(DEVELOPER_FRAMEWORKS_DIR)",
				);
				GCC_PRECOMPILE_PREFIX_HEADER = YES;
				GCC_PREFIX_HEADER = "TableTennisHack/TableTennisHack-Prefix.pch";
				INFOPLIST_FILE = "TableTennisHackTests/TableTennisHackTests-Info.plist";
				PRODUCT_NAME = "$(TARGET_NAME)";
				TEST_HOST = "$(BUNDLE_LOADER)";
				WRAPPER_EXTENSION = xctest;
			};
			name = Release;
		};
/* End XCBuildConfiguration section */

/* Begin XCConfigurationList section */
		1F74B8EA18933B1B00A36FC0 /* Build configuration list for PBXProject "TableTennisHack" */ = {
			isa = XCConfigurationList;
			buildConfigurations = (
				1F74B91F18933B1C00A36FC0 /* Debug */,
				1F74B92018933B1C00A36FC0 /* Release */,
			);
			defaultConfigurationIsVisible = 0;
			defaultConfigurationName = Release;
		};
		1F74B92118933B1C00A36FC0 /* Build configuration list for PBXNativeTarget "TableTennisHack" */ = {
			isa = XCConfigurationList;
			buildConfigurations = (
				1F74B92218933B1C00A36FC0 /* Debug */,
				1F74B92318933B1C00A36FC0 /* Release */,
			);
			defaultConfigurationIsVisible = 0;
			defaultConfigurationName = Release;
		};
		1F74B92418933B1C00A36FC0 /* Build configuration list for PBXNativeTarget "TableTennisHackTests" */ = {
			isa = XCConfigurationList;
			buildConfigurations = (
				1F74B92518933B1C00A36FC0 /* Debug */,
				1F74B92618933B1C00A36FC0 /* Release */,
			);
			defaultConfigurationIsVisible = 0;
			defaultConfigurationName = Release;
		};
/* End XCConfigurationList section */
	};
	rootObject = 1F74B8E718933B1B00A36FC0 /* Project object */;
}
